
Microsoft Visual Studio Solution File, Format Version 12.00
# Visual Studio Version 17
VisualStudioVersion = 17.14.36518.9 d17.14
MinimumVisualStudioVersion = 10.0.40219.1
Project("{FAE04EC0-301F-11D3-BF4B-00C04F79EFBC}") = "ElectronicsRentTP", "ElectronicsRentTP\ElectronicsRentTP.csproj", "{35F2481E-52D1-4C51-8369-1CE8EC74A57B}"
EndProject
Global
	GlobalSection(SolutionConfigurationPlatforms) = preSolution
		Debug|Any CPU = Debug|Any CPU
		Release|Any CPU = Release|Any CPU
	EndGlobalSection
	GlobalSection(ProjectConfigurationPlatforms) = postSolution
		{35F2481E-52D1-4C51-8369-1CE8EC74A57B}.Debug|Any CPU.ActiveCfg = Debug|Any CPU
		{35F2481E-52D1-4C51-8369-1CE8EC74A57B}.Debug|Any CPU.Build.0 = Debug|Any CPU
		{35F2481E-52D1-4C51-8369-1CE8EC74A57B}.Release|Any CPU.ActiveCfg = Release|Any CPU
		{35F2481E-52D1-4C51-8369-1CE8EC74A57B}.Release|Any CPU.Build.0 = Release|Any CPU
	EndGlobalSection
	GlobalSection(SolutionProperties) = preSolution
		HideSolutionNode = FALSE
	EndGlobalSection
	GlobalSection(ExtensibilityGlobals) = postSolution
		SolutionGuid = {6BCFEF9C-9602-40D7-B95E-80A3DFAC9134}
	EndGlobalSection
EndGlobal
